
Microsoft Visual Studio Solution File, Format Version 12.00
# Visual Studio Version 17
VisualStudioVersion = 17.7.34221.43
MinimumVisualStudioVersion = 10.0.40219.1
Project("{FAE04EC0-301F-11D3-BF4B-00C04F79EFBC}") = "ComparisonModuleOfFaultTolerantUnit", "ComparisonModuleOfFaultTolerantUnit.csproj", "{5C2FBB87-994E-4AC5-BDC3-CB62382D1029}"
EndProject
Global
	GlobalSection(SolutionConfigurationPlatforms) = preSolution
		Debug|Any CPU = Debug|Any CPU
		Debug|x64 = Debug|x64
		Release|Any CPU = Release|Any CPU
		Release|x64 = Release|x64
	EndGlobalSection
	GlobalSection(ProjectConfigurationPlatforms) = postSolution
		{5C2FBB87-994E-4AC5-BDC3-CB62382D1029}.Debug|Any CPU.ActiveCfg = Debug|Any CPU
		{5C2FBB87-994E-4AC5-BDC3-CB62382D1029}.Debug|Any CPU.Build.0 = Debug|Any CPU
		{5C2FBB87-994E-4AC5-BDC3-CB62382D1029}.Debug|x64.ActiveCfg = Debug|x64
		{5C2FBB87-994E-4AC5-BDC3-CB62382D1029}.Debug|x64.Build.0 = Debug|x64
		{5C2FBB87-994E-4AC5-BDC3-CB62382D1029}.Release|Any CPU.ActiveCfg = Release|Any CPU
		{5C2FBB87-994E-4AC5-BDC3-CB62382D1029}.Release|Any CPU.Build.0 = Release|Any CPU
		{5C2FBB87-994E-4AC5-BDC3-CB62382D1029}.Release|x64.ActiveCfg = Release|x64
		{5C2FBB87-994E-4AC5-BDC3-CB62382D1029}.Release|x64.Build.0 = Release|x64
	EndGlobalSection
	GlobalSection(SolutionProperties) = preSolution
		HideSolutionNode = FALSE
	EndGlobalSection
	GlobalSection(ExtensibilityGlobals) = postSolution
		SolutionGuid = {868196C4-79EA-408D-98F6-526FA9AE6651}
	EndGlobalSection
EndGlobal
